
Microsoft Visual Studio Solution File, Format Version 12.00
# Visual Studio Version 17
VisualStudioVersion = 17.6.33801.468
MinimumVisualStudioVersion = 10.0.40219.1
Project("{FAE04EC0-301F-11D3-BF4B-00C04F79EFBC}") = "webapp", "webapp.csproj", "{4AD2FB2F-6DBF-4803-9A39-60A6F9CFC847}"
EndProject
Global
	GlobalSection(SolutionConfigurationPlatforms) = preSolution
		Debug|Any CPU = Debug|Any CPU
		Release|Any CPU = Release|Any CPU
	EndGlobalSection
	GlobalSection(ProjectConfigurationPlatforms) = postSolution
		{4AD2FB2F-6DBF-4803-9A39-60A6F9CFC847}.Debug|Any CPU.ActiveCfg = Debug|Any CPU
		{4AD2FB2F-6DBF-4803-9A39-60A6F9CFC847}.Debug|Any CPU.Build.0 = Debug|Any CPU
		{4AD2FB2F-6DBF-4803-9A39-60A6F9CFC847}.Release|Any CPU.ActiveCfg = Release|Any CPU
		{4AD2FB2F-6DBF-4803-9A39-60A6F9CFC847}.Release|Any CPU.Build.0 = Release|Any CPU
	EndGlobalSection
	GlobalSection(SolutionProperties) = preSolution
		HideSolutionNode = FALSE
	EndGlobalSection
	GlobalSection(ExtensibilityGlobals) = postSolution
		SolutionGuid = {B4B5799B-9E86-4818-B018-59DC02062324}
	EndGlobalSection
EndGlobal
